
Microsoft Visual Studio Solution File, Format Version 12.00
# Visual Studio Version 16
VisualStudioVersion = 16.0.31112.23
MinimumVisualStudioVersion = 10.0.40219.1
Project("{8BC9CEB8-8B4A-11D0-8D11-00A0C91BC942}") = "lab5", "lab5.vcxproj", "{27D253A6-4696-4CCB-B95E-723E5E31062B}"
EndProject
Global
	GlobalSection(SolutionConfigurationPlatforms) = preSolution
		Debug|x64 = Debug|x64
		Debug|x86 = Debug|x86
		Release|x64 = Release|x64
		Release|x86 = Release|x86
	EndGlobalSection
	GlobalSection(ProjectConfigurationPlatforms) = postSolution
		{27D253A6-4696-4CCB-B95E-723E5E31062B}.Debug|x64.ActiveCfg = Debug|x64
		{27D253A6-4696-4CCB-B95E-723E5E31062B}.Debug|x64.Build.0 = Debug|x64
		{27D253A6-4696-4CCB-B95E-723E5E31062B}.Debug|x86.ActiveCfg = Debug|Win32
		{27D253A6-4696-4CCB-B95E-723E5E31062B}.Debug|x86.Build.0 = Debug|Win32
		{27D253A6-4696-4CCB-B95E-723E5E31062B}.Release|x64.ActiveCfg = Release|x64
		{27D253A6-4696-4CCB-B95E-723E5E31062B}.Release|x64.Build.0 = Release|x64
		{27D253A6-4696-4CCB-B95E-723E5E31062B}.Release|x86.ActiveCfg = Release|Win32
		{27D253A6-4696-4CCB-B95E-723E5E31062B}.Release|x86.Build.0 = Release|Win32
	EndGlobalSection
	GlobalSection(SolutionProperties) = preSolution
		HideSolutionNode = FALSE
	EndGlobalSection
	GlobalSection(ExtensibilityGlobals) = postSolution
		SolutionGuid = {BC5F3870-492A-4A31-ACF6-C5E346E7C93F}
	EndGlobalSection
EndGlobal
